# This file is automatically @generated by Cargo.
# It is not intended for manual editing.
[[package]]
name = "advapi32-sys"
version = "0.2.0"
source = "registry+https://github.com/rust-lang/crates.io-index"
checksum = "e06588080cb19d0acb6739808aafa5f26bfb2ca015b2b6370028b44cf7cb8a9a"
dependencies = [
 "winapi 0.2.8",
 "winapi-build",
]

[[package]]
name = "bitflags"
version = "1.2.1"
source = "registry+https://github.com/rust-lang/crates.io-index"
checksum = "cf1de2fe8c75bc145a2f577add951f8134889b4795d47466a54a5c846d691693"

[[package]]
name = "kernel32-sys"
version = "0.2.2"
source = "registry+https://github.com/rust-lang/crates.io-index"
checksum = "7507624b29483431c0ba2d82aece8ca6cdba9382bff4ddd0f7490560c056098d"
dependencies = [
 "winapi 0.2.8",
 "winapi-build",
]

[[package]]
name = "ktmw32-sys"
version = "0.1.1"
source = "registry+https://github.com/rust-lang/crates.io-index"
checksum = "3e7bd349909cb66100a2e177e5ad59fbcba0628f1a1b1f2e2e78d0ead03bbb05"
dependencies = [
 "winapi 0.2.8",
 "winapi-build",
]

[[package]]
name = "logitech-led"
version = "1.0.0"
dependencies = [
 "logitech-led-sys",
 "widestring",
 "winapi 0.2.8",
]

[[package]]
name = "logitech-led-sys"
version = "1.0.0"
dependencies = [
 "bitflags",
 "kernel32-sys",
 "winapi 0.2.8",
 "winreg",
]

[[package]]
name = "progress-to-keyboard"
version = "0.1.0"
dependencies = [
 "logitech-led",
 "winamp",
 "winapi 0.3.8",
]

[[package]]
name = "rustc-serialize"
version = "0.3.24"
source = "registry+https://github.com/rust-lang/crates.io-index"
checksum = "dcf128d1287d2ea9d80910b5f1120d0b8eede3fbf1abe91c40d39ea7d51e6fda"

[[package]]
name = "widestring"
version = "0.2.2"
source = "registry+https://github.com/rust-lang/crates.io-index"
checksum = "7157704c2e12e3d2189c507b7482c52820a16dfa4465ba91add92f266667cadb"

[[package]]
name = "winamp"
version = "0.1.0"
dependencies = [
 "winamp_sys",
 "winapi 0.3.8",
]

[[package]]
name = "winamp_sys"
version = "0.1.0"
dependencies = [
 "winapi 0.3.8",
]

[[package]]
name = "winapi"
version = "0.2.8"
source = "registry+https://github.com/rust-lang/crates.io-index"
checksum = "167dc9d6949a9b857f3451275e911c3f44255842c1f7a76f33c55103a909087a"

[[package]]
name = "winapi"
version = "0.3.8"
source = "registry+https://github.com/rust-lang/crates.io-index"
checksum = "8093091eeb260906a183e6ae1abdba2ef5ef2257a21801128899c3fc699229c6"
dependencies = [
 "winapi-i686-pc-windows-gnu",
 "winapi-x86_64-pc-windows-gnu",
]

[[package]]
name = "winapi-build"
version = "0.1.1"
source = "registry+https://github.com/rust-lang/crates.io-index"
checksum = "2d315eee3b34aca4797b2da6b13ed88266e6d612562a0c46390af8299fc699bc"

[[package]]
name = "winapi-i686-pc-windows-gnu"
version = "0.4.0"
source = "registry+https://github.com/rust-lang/crates.io-index"
checksum = "ac3b87c63620426dd9b991e5ce0329eff545bccbbb34f3be09ff6fb6ab51b7b6"

[[package]]
name = "winapi-x86_64-pc-windows-gnu"
version = "0.4.0"
source = "registry+https://github.com/rust-lang/crates.io-index"
checksum = "712e227841d057c1ee1cd2fb22fa7e5a5461ae8e48fa2ca79ec42cfc1931183f"

[[package]]
name = "winreg"
version = "0.4.0"
source = "registry+https://github.com/rust-lang/crates.io-index"
checksum = "cbf285379f20d7f26abd990d9a566be9d31ab7a9d335299baaa1f0604f5f96af"
dependencies = [
 "advapi32-sys",
 "kernel32-sys",
 "ktmw32-sys",
 "rustc-serialize",
 "winapi 0.2.8",
]
